
Microsoft Visual Studio Solution File, Format Version 12.00
# Visual Studio 2017
Project("{FAE04EC0-301F-11D3-BF4B-00C04F79EFBC}") = "Pong-IA", "Pong-IA.csproj", "{FAFFC3FB-30F0-A7FB-B8D2-A6B12FC30DBD}"
EndProject
Global
	GlobalSection(SolutionConfigurationPlatforms) = preSolution
		Debug|Any CPU = Debug|Any CPU
		Release|Any CPU = Release|Any CPU
	EndGlobalSection
	GlobalSection(ProjectConfigurationPlatforms) = postSolution
		{FAFFC3FB-30F0-A7FB-B8D2-A6B12FC30DBD}.Debug|Any CPU.ActiveCfg = Debug|Any CPU
		{FAFFC3FB-30F0-A7FB-B8D2-A6B12FC30DBD}.Debug|Any CPU.Build.0 = Debug|Any CPU
		{FAFFC3FB-30F0-A7FB-B8D2-A6B12FC30DBD}.Release|Any CPU.ActiveCfg = Release|Any CPU
		{FAFFC3FB-30F0-A7FB-B8D2-A6B12FC30DBD}.Release|Any CPU.Build.0 = Release|Any CPU
	EndGlobalSection
	GlobalSection(SolutionProperties) = preSolution
		HideSolutionNode = FALSE
	EndGlobalSection
EndGlobal
